
Microsoft Visual Studio Solution File, Format Version 12.00
# Visual Studio Version 17
VisualStudioVersion = 17.3.32929.385
MinimumVisualStudioVersion = 10.0.40219.1
Project("{FAE04EC0-301F-11D3-BF4B-00C04F79EFBC}") = "WebApplication1", "WebApplication1\WebApplication1.csproj", "{B6824C1E-CA84-40E7-95AD-A9954D77E87A}"
EndProject
Global
	GlobalSection(SolutionConfigurationPlatforms) = preSolution
		Debug|Any CPU = Debug|Any CPU
		Release|Any CPU = Release|Any CPU
	EndGlobalSection
	GlobalSection(ProjectConfigurationPlatforms) = postSolution
		{B6824C1E-CA84-40E7-95AD-A9954D77E87A}.Debug|Any CPU.ActiveCfg = Debug|Any CPU
		{B6824C1E-CA84-40E7-95AD-A9954D77E87A}.Debug|Any CPU.Build.0 = Debug|Any CPU
		{B6824C1E-CA84-40E7-95AD-A9954D77E87A}.Release|Any CPU.ActiveCfg = Release|Any CPU
		{B6824C1E-CA84-40E7-95AD-A9954D77E87A}.Release|Any CPU.Build.0 = Release|Any CPU
	EndGlobalSection
	GlobalSection(SolutionProperties) = preSolution
		HideSolutionNode = FALSE
	EndGlobalSection
	GlobalSection(ExtensibilityGlobals) = postSolution
		SolutionGuid = {537A0E6A-7992-4096-BEB5-C7A5389FF0F8}
	EndGlobalSection
EndGlobal
